
Microsoft Visual Studio Solution File, Format Version 12.00
# Visual Studio Version 16
VisualStudioVersion = 16.0.30503.244
MinimumVisualStudioVersion = 10.0.40219.1
Project("{FAE04EC0-301F-11D3-BF4B-00C04F79EFBC}") = "Calculadora1", "Calculadora1\Calculadora1.csproj", "{EF3C4FEA-402C-4FB0-BD99-1F18CFDDEE10}"
EndProject
Global
	GlobalSection(SolutionConfigurationPlatforms) = preSolution
		Debug|Any CPU = Debug|Any CPU
		Release|Any CPU = Release|Any CPU
	EndGlobalSection
	GlobalSection(ProjectConfigurationPlatforms) = postSolution
		{EF3C4FEA-402C-4FB0-BD99-1F18CFDDEE10}.Debug|Any CPU.ActiveCfg = Debug|Any CPU
		{EF3C4FEA-402C-4FB0-BD99-1F18CFDDEE10}.Debug|Any CPU.Build.0 = Debug|Any CPU
		{EF3C4FEA-402C-4FB0-BD99-1F18CFDDEE10}.Release|Any CPU.ActiveCfg = Release|Any CPU
		{EF3C4FEA-402C-4FB0-BD99-1F18CFDDEE10}.Release|Any CPU.Build.0 = Release|Any CPU
	EndGlobalSection
	GlobalSection(SolutionProperties) = preSolution
		HideSolutionNode = FALSE
	EndGlobalSection
	GlobalSection(ExtensibilityGlobals) = postSolution
		SolutionGuid = {7FCE6C35-A26A-4A7F-990D-253D57DCFF53}
	EndGlobalSection
EndGlobal
